
Microsoft Visual Studio Solution File, Format Version 12.00
# Visual Studio Version 17
VisualStudioVersion = 17.0.31903.59
MinimumVisualStudioVersion = 10.0.40219.1
Project("{FAE04EC0-301F-11D3-BF4B-00C04F79EFBC}") = "Variaveis", "Criando_Variaveis\Variaveis\Variaveis.csproj", "{C6E3AF70-5C82-4F1E-BF28-7D12C11082CD}"
EndProject
Project("{FAE04EC0-301F-11D3-BF4B-00C04F79EFBC}") = "Constantes", "Constantes\Constantes.csproj", "{23E40928-65CE-4289-951D-5355A19A0A8F}"
EndProject
Project("{FAE04EC0-301F-11D3-BF4B-00C04F79EFBC}") = "Comentarios", "Comentarios\Comentarios.csproj", "{D2FB1D97-FCBD-4496-B57A-AE1C9034218C}"
EndProject
Project("{FAE04EC0-301F-11D3-BF4B-00C04F79EFBC}") = "OperadoreAritimetricos", "OperadoreAritimetricos\OperadoreAritimetricos.csproj", "{45587079-9CD7-491F-9E9B-FF577B1D2E2C}"
EndProject
Project("{FAE04EC0-301F-11D3-BF4B-00C04F79EFBC}") = "OperadoresRelacionais", "OperadoresRelacionais\OperadoresRelacionais.csproj", "{19F1F407-6B0D-47B2-BB9A-35D8402A29F5}"
EndProject
Project("{2150E333-8FDC-42A3-9474-1A3956D46DE8}") = "Fundamentos", "Fundamentos", "{638C7FC2-E4C4-4823-991F-12D6ACE75363}"
EndProject
Global
	GlobalSection(SolutionConfigurationPlatforms) = preSolution
		Debug|Any CPU = Debug|Any CPU
		Debug|x64 = Debug|x64
		Debug|x86 = Debug|x86
		Release|Any CPU = Release|Any CPU
		Release|x64 = Release|x64
		Release|x86 = Release|x86
	EndGlobalSection
	GlobalSection(ProjectConfigurationPlatforms) = postSolution
		{C6E3AF70-5C82-4F1E-BF28-7D12C11082CD}.Debug|Any CPU.ActiveCfg = Debug|Any CPU
		{C6E3AF70-5C82-4F1E-BF28-7D12C11082CD}.Debug|Any CPU.Build.0 = Debug|Any CPU
		{C6E3AF70-5C82-4F1E-BF28-7D12C11082CD}.Debug|x64.ActiveCfg = Debug|Any CPU
		{C6E3AF70-5C82-4F1E-BF28-7D12C11082CD}.Debug|x64.Build.0 = Debug|Any CPU
		{C6E3AF70-5C82-4F1E-BF28-7D12C11082CD}.Debug|x86.ActiveCfg = Debug|Any CPU
		{C6E3AF70-5C82-4F1E-BF28-7D12C11082CD}.Debug|x86.Build.0 = Debug|Any CPU
		{C6E3AF70-5C82-4F1E-BF28-7D12C11082CD}.Release|Any CPU.ActiveCfg = Release|Any CPU
		{C6E3AF70-5C82-4F1E-BF28-7D12C11082CD}.Release|Any CPU.Build.0 = Release|Any CPU
		{C6E3AF70-5C82-4F1E-BF28-7D12C11082CD}.Release|x64.ActiveCfg = Release|Any CPU
		{C6E3AF70-5C82-4F1E-BF28-7D12C11082CD}.Release|x64.Build.0 = Release|Any CPU
		{C6E3AF70-5C82-4F1E-BF28-7D12C11082CD}.Release|x86.ActiveCfg = Release|Any CPU
		{C6E3AF70-5C82-4F1E-BF28-7D12C11082CD}.Release|x86.Build.0 = Release|Any CPU
		{23E40928-65CE-4289-951D-5355A19A0A8F}.Debug|Any CPU.ActiveCfg = Debug|Any CPU
		{23E40928-65CE-4289-951D-5355A19A0A8F}.Debug|Any CPU.Build.0 = Debug|Any CPU
		{23E40928-65CE-4289-951D-5355A19A0A8F}.Debug|x64.ActiveCfg = Debug|Any CPU
		{23E40928-65CE-4289-951D-5355A19A0A8F}.Debug|x64.Build.0 = Debug|Any CPU
		{23E40928-65CE-4289-951D-5355A19A0A8F}.Debug|x86.ActiveCfg = Debug|Any CPU
		{23E40928-65CE-4289-951D-5355A19A0A8F}.Debug|x86.Build.0 = Debug|Any CPU
		{23E40928-65CE-4289-951D-5355A19A0A8F}.Release|Any CPU.ActiveCfg = Release|Any CPU
		{23E40928-65CE-4289-951D-5355A19A0A8F}.Release|Any CPU.Build.0 = Release|Any CPU
		{23E40928-65CE-4289-951D-5355A19A0A8F}.Release|x64.ActiveCfg = Release|Any CPU
		{23E40928-65CE-4289-951D-5355A19A0A8F}.Release|x64.Build.0 = Release|Any CPU
		{23E40928-65CE-4289-951D-5355A19A0A8F}.Release|x86.ActiveCfg = Release|Any CPU
		{23E40928-65CE-4289-951D-5355A19A0A8F}.Release|x86.Build.0 = Release|Any CPU
		{D2FB1D97-FCBD-4496-B57A-AE1C9034218C}.Debug|Any CPU.ActiveCfg = Debug|Any CPU
		{D2FB1D97-FCBD-4496-B57A-AE1C9034218C}.Debug|Any CPU.Build.0 = Debug|Any CPU
		{D2FB1D97-FCBD-4496-B57A-AE1C9034218C}.Debug|x64.ActiveCfg = Debug|Any CPU
		{D2FB1D97-FCBD-4496-B57A-AE1C9034218C}.Debug|x64.Build.0 = Debug|Any CPU
		{D2FB1D97-FCBD-4496-B57A-AE1C9034218C}.Debug|x86.ActiveCfg = Debug|Any CPU
		{D2FB1D97-FCBD-4496-B57A-AE1C9034218C}.Debug|x86.Build.0 = Debug|Any CPU
		{D2FB1D97-FCBD-4496-B57A-AE1C9034218C}.Release|Any CPU.ActiveCfg = Release|Any CPU
		{D2FB1D97-FCBD-4496-B57A-AE1C9034218C}.Release|Any CPU.Build.0 = Release|Any CPU
		{D2FB1D97-FCBD-4496-B57A-AE1C9034218C}.Release|x64.ActiveCfg = Release|Any CPU
		{D2FB1D97-FCBD-4496-B57A-AE1C9034218C}.Release|x64.Build.0 = Release|Any CPU
		{D2FB1D97-FCBD-4496-B57A-AE1C9034218C}.Release|x86.ActiveCfg = Release|Any CPU
		{D2FB1D97-FCBD-4496-B57A-AE1C9034218C}.Release|x86.Build.0 = Release|Any CPU
		{45587079-9CD7-491F-9E9B-FF577B1D2E2C}.Debug|Any CPU.ActiveCfg = Debug|Any CPU
		{45587079-9CD7-491F-9E9B-FF577B1D2E2C}.Debug|Any CPU.Build.0 = Debug|Any CPU
		{45587079-9CD7-491F-9E9B-FF577B1D2E2C}.Debug|x64.ActiveCfg = Debug|Any CPU
		{45587079-9CD7-491F-9E9B-FF577B1D2E2C}.Debug|x64.Build.0 = Debug|Any CPU
		{45587079-9CD7-491F-9E9B-FF577B1D2E2C}.Debug|x86.ActiveCfg = Debug|Any CPU
		{45587079-9CD7-491F-9E9B-FF577B1D2E2C}.Debug|x86.Build.0 = Debug|Any CPU
		{45587079-9CD7-491F-9E9B-FF577B1D2E2C}.Release|Any CPU.ActiveCfg = Release|Any CPU
		{45587079-9CD7-491F-9E9B-FF577B1D2E2C}.Release|Any CPU.Build.0 = Release|Any CPU
		{45587079-9CD7-491F-9E9B-FF577B1D2E2C}.Release|x64.ActiveCfg = Release|Any CPU
		{45587079-9CD7-491F-9E9B-FF577B1D2E2C}.Release|x64.Build.0 = Release|Any CPU
		{45587079-9CD7-491F-9E9B-FF577B1D2E2C}.Release|x86.ActiveCfg = Release|Any CPU
		{45587079-9CD7-491F-9E9B-FF577B1D2E2C}.Release|x86.Build.0 = Release|Any CPU
		{19F1F407-6B0D-47B2-BB9A-35D8402A29F5}.Debug|Any CPU.ActiveCfg = Debug|Any CPU
		{19F1F407-6B0D-47B2-BB9A-35D8402A29F5}.Debug|Any CPU.Build.0 = Debug|Any CPU
		{19F1F407-6B0D-47B2-BB9A-35D8402A29F5}.Debug|x64.ActiveCfg = Debug|Any CPU
		{19F1F407-6B0D-47B2-BB9A-35D8402A29F5}.Debug|x64.Build.0 = Debug|Any CPU
		{19F1F407-6B0D-47B2-BB9A-35D8402A29F5}.Debug|x86.ActiveCfg = Debug|Any CPU
		{19F1F407-6B0D-47B2-BB9A-35D8402A29F5}.Debug|x86.Build.0 = Debug|Any CPU
		{19F1F407-6B0D-47B2-BB9A-35D8402A29F5}.Release|Any CPU.ActiveCfg = Release|Any CPU
		{19F1F407-6B0D-47B2-BB9A-35D8402A29F5}.Release|Any CPU.Build.0 = Release|Any CPU
		{19F1F407-6B0D-47B2-BB9A-35D8402A29F5}.Release|x64.ActiveCfg = Release|Any CPU
		{19F1F407-6B0D-47B2-BB9A-35D8402A29F5}.Release|x64.Build.0 = Release|Any CPU
		{19F1F407-6B0D-47B2-BB9A-35D8402A29F5}.Release|x86.ActiveCfg = Release|Any CPU
		{19F1F407-6B0D-47B2-BB9A-35D8402A29F5}.Release|x86.Build.0 = Release|Any CPU
	EndGlobalSection
	GlobalSection(SolutionProperties) = preSolution
		HideSolutionNode = FALSE
	EndGlobalSection
	GlobalSection(NestedProjects) = preSolution
		{D2FB1D97-FCBD-4496-B57A-AE1C9034218C} = {638C7FC2-E4C4-4823-991F-12D6ACE75363}
		{23E40928-65CE-4289-951D-5355A19A0A8F} = {638C7FC2-E4C4-4823-991F-12D6ACE75363}
		{45587079-9CD7-491F-9E9B-FF577B1D2E2C} = {638C7FC2-E4C4-4823-991F-12D6ACE75363}
		{19F1F407-6B0D-47B2-BB9A-35D8402A29F5} = {638C7FC2-E4C4-4823-991F-12D6ACE75363}
	EndGlobalSection
EndGlobal
